
Microsoft Visual Studio Solution File, Format Version 12.00
# Visual Studio Version 17
VisualStudioVersion = 17.4.33205.214
MinimumVisualStudioVersion = 10.0.40219.1
Project("{FAE04EC0-301F-11D3-BF4B-00C04F79EFBC}") = "ADONET", "ADONET\ADONET.csproj", "{431F040B-53C8-445A-B502-12B060171A31}"
EndProject
Global
	GlobalSection(SolutionConfigurationPlatforms) = preSolution
		Debug|Any CPU = Debug|Any CPU
		Release|Any CPU = Release|Any CPU
	EndGlobalSection
	GlobalSection(ProjectConfigurationPlatforms) = postSolution
		{431F040B-53C8-445A-B502-12B060171A31}.Debug|Any CPU.ActiveCfg = Debug|Any CPU
		{431F040B-53C8-445A-B502-12B060171A31}.Debug|Any CPU.Build.0 = Debug|Any CPU
		{431F040B-53C8-445A-B502-12B060171A31}.Release|Any CPU.ActiveCfg = Release|Any CPU
		{431F040B-53C8-445A-B502-12B060171A31}.Release|Any CPU.Build.0 = Release|Any CPU
	EndGlobalSection
	GlobalSection(SolutionProperties) = preSolution
		HideSolutionNode = FALSE
	EndGlobalSection
	GlobalSection(ExtensibilityGlobals) = postSolution
		SolutionGuid = {F9813D07-C46E-41DF-BE98-41DD44E01C7E}
	EndGlobalSection
EndGlobal
